
Microsoft Visual Studio Solution File, Format Version 12.00
# Visual Studio Version 17
VisualStudioVersion = 17.7.34024.191
MinimumVisualStudioVersion = 10.0.40219.1
Project("{FAE04EC0-301F-11D3-BF4B-00C04F79EFBC}") = "Pizza Ordering System", "Pizza Ordering System.csproj", "{31A96F71-4F91-4E1B-AB04-ABEB3B96D2A9}"
EndProject
Global
	GlobalSection(SolutionConfigurationPlatforms) = preSolution
		Debug|Any CPU = Debug|Any CPU
		Release|Any CPU = Release|Any CPU
	EndGlobalSection
	GlobalSection(ProjectConfigurationPlatforms) = postSolution
		{31A96F71-4F91-4E1B-AB04-ABEB3B96D2A9}.Debug|Any CPU.ActiveCfg = Debug|Any CPU
		{31A96F71-4F91-4E1B-AB04-ABEB3B96D2A9}.Debug|Any CPU.Build.0 = Debug|Any CPU
		{31A96F71-4F91-4E1B-AB04-ABEB3B96D2A9}.Release|Any CPU.ActiveCfg = Release|Any CPU
		{31A96F71-4F91-4E1B-AB04-ABEB3B96D2A9}.Release|Any CPU.Build.0 = Release|Any CPU
	EndGlobalSection
	GlobalSection(SolutionProperties) = preSolution
		HideSolutionNode = FALSE
	EndGlobalSection
	GlobalSection(ExtensibilityGlobals) = postSolution
		SolutionGuid = {E35361A1-2F0E-4E68-83E5-3D64F2F5A710}
	EndGlobalSection
EndGlobal
